
Microsoft Visual Studio Solution File, Format Version 12.00
# Visual Studio 15
VisualStudioVersion = 15.0.26430.13
MinimumVisualStudioVersion = 10.0.40219.1
Project("{FAE04EC0-301F-11D3-BF4B-00C04F79EFBC}") = "Sb49.Weather.Android", "Sb49.Weather.Android\Sb49.Weather.Android.csproj", "{DEA9F926-0E5C-4A6E-8378-2A63E9A01315}"
	ProjectSection(ProjectDependencies) = postProject
		{974E2903-0D9A-46EB-8BCD-9671135D8451} = {974E2903-0D9A-46EB-8BCD-9671135D8451}
		{73018A03-7480-4506-851D-9B144A680C62} = {73018A03-7480-4506-851D-9B144A680C62}
		{37A83C0F-1B72-4AD0-A0F0-A3E4923B5DEF} = {37A83C0F-1B72-4AD0-A0F0-A3E4923B5DEF}
		{71686038-0D2C-4C70-A6D3-29D58587E597} = {71686038-0D2C-4C70-A6D3-29D58587E597}
		{B213E64B-799C-46CD-AFEB-C1D586A39379} = {B213E64B-799C-46CD-AFEB-C1D586A39379}
		{45C5E150-9AFB-4A99-B386-371B619473FF} = {45C5E150-9AFB-4A99-B386-371B619473FF}
		{DEF3317E-6A57-4583-B50E-6BEBA7784CB2} = {DEF3317E-6A57-4583-B50E-6BEBA7784CB2}
		{D95CA97F-D469-4FBA-AB18-EEC67C0AF21B} = {D95CA97F-D469-4FBA-AB18-EEC67C0AF21B}
		{55DA3AA7-A307-46F7-9EF5-507829626FF1} = {55DA3AA7-A307-46F7-9EF5-507829626FF1}
		{33F53EB9-6199-4F87-8D0D-ED0DDE9E296B} = {33F53EB9-6199-4F87-8D0D-ED0DDE9E296B}
		{6D66C5CD-45E5-45B3-98CE-9E4F79AB3B5E} = {6D66C5CD-45E5-45B3-98CE-9E4F79AB3B5E}
		{A88E05D9-FDC8-4F74-8CED-C5F22E9B8920} = {A88E05D9-FDC8-4F74-8CED-C5F22E9B8920}
		{28D6F1E0-D2BC-475A-8D14-C8C15CA5C9C2} = {28D6F1E0-D2BC-475A-8D14-C8C15CA5C9C2}
	EndProjectSection
EndProject
Project("{2150E333-8FDC-42A3-9474-1A3956D46DE8}") = "Libraries", "Libraries", "{81FC9781-A570-4007-9FB0-4826077AEFE5}"
EndProject
Project("{FAE04EC0-301F-11D3-BF4B-00C04F79EFBC}") = "Sb49.Weather.Test.Android", "Sb49.Weather.Test.Android\Sb49.Weather.Test.Android.csproj", "{737B1928-5949-4845-A46E-09FDF8B8A25C}"
EndProject
Project("{2150E333-8FDC-42A3-9474-1A3956D46DE8}") = "Http", "Http", "{DD0B8499-B234-4757-88B9-02CA796B5E5C}"
EndProject
Project("{2150E333-8FDC-42A3-9474-1A3956D46DE8}") = "Geocoding", "Geocoding", "{6468329D-5A1B-4486-9C71-AF96C2DB9376}"
EndProject
Project("{2150E333-8FDC-42A3-9474-1A3956D46DE8}") = "Twilight", "Twilight", "{85299B24-887B-4719-9FD9-C90EAA53AAE3}"
EndProject
Project("{2150E333-8FDC-42A3-9474-1A3956D46DE8}") = "Weather", "Weather", "{8494841D-F8A9-4151-AAEF-C3CC7B8E0637}"
EndProject
Project("{FAE04EC0-301F-11D3-BF4B-00C04F79EFBC}") = "Sb49.Common.Support.v7.Android", "Libraries\Sb49.Common.Support.v7.Android\Sb49.Common.Support.v7.Android.csproj", "{D0562A65-A469-48E6-ABD1-B0FC847867BB}"
EndProject
Project("{FAE04EC0-301F-11D3-BF4B-00C04F79EFBC}") = "Sb49.Common.Android", "Libraries\Sb49.Common.Android\Sb49.Common.Android.csproj", "{15B2DA3A-9045-49AF-B510-2E4119055A1A}"
EndProject
Project("{2150E333-8FDC-42A3-9474-1A3956D46DE8}") = "Logging", "Logging", "{71E4C7B0-7E85-4DD5-A7EE-6614D70DF3F3}"
EndProject
Project("{FAE04EC0-301F-11D3-BF4B-00C04F79EFBC}") = "Sb49.Common.Logging.Log4Net.Android", "Libraries\Logging\Sb49.Common.Logging.Log4Net.Android\Sb49.Common.Logging.Log4Net.Android.csproj", "{750E827B-664E-4FC1-8ED1-F2179D03649E}"
EndProject
Project("{9A19103F-16F7-4668-BE54-9A1E7A4F7556}") = "Sb49.Http", "Libraries\Http\Sb49.Http\Sb49.Http.csproj", "{37A83C0F-1B72-4AD0-A0F0-A3E4923B5DEF}"
EndProject
Project("{9A19103F-16F7-4668-BE54-9A1E7A4F7556}") = "Sb49.GoogleGeocoder", "Libraries\Http\Geocoding\Sb49.GoogleGeocoder\Sb49.GoogleGeocoder.csproj", "{D95CA97F-D469-4FBA-AB18-EEC67C0AF21B}"
EndProject
Project("{9A19103F-16F7-4668-BE54-9A1E7A4F7556}") = "Sb49.Security", "Libraries\Sb49.Security\Sb49.Security.csproj", "{A88E05D9-FDC8-4F74-8CED-C5F22E9B8920}"
EndProject
Project("{9A19103F-16F7-4668-BE54-9A1E7A4F7556}") = "Sb49.Geocoder", "Libraries\Http\Geocoding\Sb49.Geocoder\Sb49.Geocoder.csproj", "{33F53EB9-6199-4F87-8D0D-ED0DDE9E296B}"
EndProject
Project("{9A19103F-16F7-4668-BE54-9A1E7A4F7556}") = "Sb49.Twilight", "Libraries\Http\Twilight\Sb49.Twilight\Sb49.Twilight.csproj", "{DEF3317E-6A57-4583-B50E-6BEBA7784CB2}"
EndProject
Project("{9A19103F-16F7-4668-BE54-9A1E7A4F7556}") = "Sb49.Weather", "Libraries\Http\Weather\Sb49.Weather\Sb49.Weather.csproj", "{71686038-0D2C-4C70-A6D3-29D58587E597}"
EndProject
Project("{9A19103F-16F7-4668-BE54-9A1E7A4F7556}") = "Sb49.Rfc822", "Libraries\Sb49.Rfc822\Sb49.Rfc822.csproj", "{974E2903-0D9A-46EB-8BCD-9671135D8451}"
EndProject
Project("{9A19103F-16F7-4668-BE54-9A1E7A4F7556}") = "Sb49.Common.Logging", "Libraries\Logging\Sb49.Common.Logging\Sb49.Common.Logging.csproj", "{B213E64B-799C-46CD-AFEB-C1D586A39379}"
EndProject
Project("{9A19103F-16F7-4668-BE54-9A1E7A4F7556}") = "log4net", "Libraries\Logging\log4net\log4net.csproj", "{28D6F1E0-D2BC-475A-8D14-C8C15CA5C9C2}"
EndProject
Project("{2150E333-8FDC-42A3-9474-1A3956D46DE8}") = "Providers", "Providers", "{4C958403-B4FE-44CC-851B-B7997E2184D5}"
EndProject
Project("{9A19103F-16F7-4668-BE54-9A1E7A4F7556}") = "Sb49.Provider.YahooWeather", "Libraries\Http\Weather\Providers\Sb49.Provider.YahooWeather\Sb49.Provider.YahooWeather.csproj", "{55DA3AA7-A307-46F7-9EF5-507829626FF1}"
EndProject
Project("{9A19103F-16F7-4668-BE54-9A1E7A4F7556}") = "Sb49.Provider.OpenWeatherMap", "Libraries\Http\Weather\Providers\Sb49.Provider.OpenWeatherMap\Sb49.Provider.OpenWeatherMap.csproj", "{73018A03-7480-4506-851D-9B144A680C62}"
EndProject
Project("{9A19103F-16F7-4668-BE54-9A1E7A4F7556}") = "Sb49.Provider.DarkSky", "Libraries\Http\Weather\Providers\Sb49.Provider.DarkSky\Sb49.Provider.DarkSky.csproj", "{6D66C5CD-45E5-45B3-98CE-9E4F79AB3B5E}"
EndProject
Project("{9A19103F-16F7-4668-BE54-9A1E7A4F7556}") = "Sb49.Common", "Libraries\Sb49.Common\Sb49.Common.csproj", "{45C5E150-9AFB-4A99-B386-371B619473FF}"
EndProject
Project("{2150E333-8FDC-42A3-9474-1A3956D46DE8}") = "Doc", "Doc", "{B1BA3915-704C-4FD8-9402-A6DCC34EED3D}"
	ProjectSection(SolutionItems) = preProject
		ReleaseNotice.txt = ReleaseNotice.txt
	EndProjectSection
EndProject
Global
	GlobalSection(SolutionConfigurationPlatforms) = preSolution
		Debug|Any CPU = Debug|Any CPU
		Release|Any CPU = Release|Any CPU
	EndGlobalSection
	GlobalSection(ProjectConfigurationPlatforms) = postSolution
		{DEA9F926-0E5C-4A6E-8378-2A63E9A01315}.Debug|Any CPU.ActiveCfg = Debug|Any CPU
		{DEA9F926-0E5C-4A6E-8378-2A63E9A01315}.Debug|Any CPU.Build.0 = Debug|Any CPU
		{DEA9F926-0E5C-4A6E-8378-2A63E9A01315}.Debug|Any CPU.Deploy.0 = Debug|Any CPU
		{DEA9F926-0E5C-4A6E-8378-2A63E9A01315}.Release|Any CPU.ActiveCfg = Release|Any CPU
		{DEA9F926-0E5C-4A6E-8378-2A63E9A01315}.Release|Any CPU.Build.0 = Release|Any CPU
		{DEA9F926-0E5C-4A6E-8378-2A63E9A01315}.Release|Any CPU.Deploy.0 = Release|Any CPU
		{737B1928-5949-4845-A46E-09FDF8B8A25C}.Debug|Any CPU.ActiveCfg = Debug|Any CPU
		{737B1928-5949-4845-A46E-09FDF8B8A25C}.Release|Any CPU.ActiveCfg = Release|Any CPU
		{D0562A65-A469-48E6-ABD1-B0FC847867BB}.Debug|Any CPU.ActiveCfg = Debug|Any CPU
		{D0562A65-A469-48E6-ABD1-B0FC847867BB}.Debug|Any CPU.Build.0 = Debug|Any CPU
		{D0562A65-A469-48E6-ABD1-B0FC847867BB}.Release|Any CPU.ActiveCfg = Release|Any CPU
		{D0562A65-A469-48E6-ABD1-B0FC847867BB}.Release|Any CPU.Build.0 = Release|Any CPU
		{15B2DA3A-9045-49AF-B510-2E4119055A1A}.Debug|Any CPU.ActiveCfg = Debug|Any CPU
		{15B2DA3A-9045-49AF-B510-2E4119055A1A}.Debug|Any CPU.Build.0 = Debug|Any CPU
		{15B2DA3A-9045-49AF-B510-2E4119055A1A}.Release|Any CPU.ActiveCfg = Release|Any CPU
		{15B2DA3A-9045-49AF-B510-2E4119055A1A}.Release|Any CPU.Build.0 = Release|Any CPU
		{750E827B-664E-4FC1-8ED1-F2179D03649E}.Debug|Any CPU.ActiveCfg = Debug|Any CPU
		{750E827B-664E-4FC1-8ED1-F2179D03649E}.Debug|Any CPU.Build.0 = Debug|Any CPU
		{750E827B-664E-4FC1-8ED1-F2179D03649E}.Release|Any CPU.ActiveCfg = Release|Any CPU
		{750E827B-664E-4FC1-8ED1-F2179D03649E}.Release|Any CPU.Build.0 = Release|Any CPU
		{37A83C0F-1B72-4AD0-A0F0-A3E4923B5DEF}.Debug|Any CPU.ActiveCfg = Debug|Any CPU
		{37A83C0F-1B72-4AD0-A0F0-A3E4923B5DEF}.Debug|Any CPU.Build.0 = Debug|Any CPU
		{37A83C0F-1B72-4AD0-A0F0-A3E4923B5DEF}.Release|Any CPU.ActiveCfg = Release|Any CPU
		{37A83C0F-1B72-4AD0-A0F0-A3E4923B5DEF}.Release|Any CPU.Build.0 = Release|Any CPU
		{D95CA97F-D469-4FBA-AB18-EEC67C0AF21B}.Debug|Any CPU.ActiveCfg = Debug|Any CPU
		{D95CA97F-D469-4FBA-AB18-EEC67C0AF21B}.Debug|Any CPU.Build.0 = Debug|Any CPU
		{D95CA97F-D469-4FBA-AB18-EEC67C0AF21B}.Release|Any CPU.ActiveCfg = Release|Any CPU
		{D95CA97F-D469-4FBA-AB18-EEC67C0AF21B}.Release|Any CPU.Build.0 = Release|Any CPU
		{A88E05D9-FDC8-4F74-8CED-C5F22E9B8920}.Debug|Any CPU.ActiveCfg = Debug|Any CPU
		{A88E05D9-FDC8-4F74-8CED-C5F22E9B8920}.Debug|Any CPU.Build.0 = Debug|Any CPU
		{A88E05D9-FDC8-4F74-8CED-C5F22E9B8920}.Release|Any CPU.ActiveCfg = Release|Any CPU
		{A88E05D9-FDC8-4F74-8CED-C5F22E9B8920}.Release|Any CPU.Build.0 = Release|Any CPU
		{33F53EB9-6199-4F87-8D0D-ED0DDE9E296B}.Debug|Any CPU.ActiveCfg = Debug|Any CPU
		{33F53EB9-6199-4F87-8D0D-ED0DDE9E296B}.Debug|Any CPU.Build.0 = Debug|Any CPU
		{33F53EB9-6199-4F87-8D0D-ED0DDE9E296B}.Release|Any CPU.ActiveCfg = Release|Any CPU
		{33F53EB9-6199-4F87-8D0D-ED0DDE9E296B}.Release|Any CPU.Build.0 = Release|Any CPU
		{DEF3317E-6A57-4583-B50E-6BEBA7784CB2}.Debug|Any CPU.ActiveCfg = Debug|Any CPU
		{DEF3317E-6A57-4583-B50E-6BEBA7784CB2}.Debug|Any CPU.Build.0 = Debug|Any CPU
		{DEF3317E-6A57-4583-B50E-6BEBA7784CB2}.Release|Any CPU.ActiveCfg = Release|Any CPU
		{DEF3317E-6A57-4583-B50E-6BEBA7784CB2}.Release|Any CPU.Build.0 = Release|Any CPU
		{71686038-0D2C-4C70-A6D3-29D58587E597}.Debug|Any CPU.ActiveCfg = Debug|Any CPU
		{71686038-0D2C-4C70-A6D3-29D58587E597}.Debug|Any CPU.Build.0 = Debug|Any CPU
		{71686038-0D2C-4C70-A6D3-29D58587E597}.Release|Any CPU.ActiveCfg = Release|Any CPU
		{71686038-0D2C-4C70-A6D3-29D58587E597}.Release|Any CPU.Build.0 = Release|Any CPU
		{974E2903-0D9A-46EB-8BCD-9671135D8451}.Debug|Any CPU.ActiveCfg = Debug|Any CPU
		{974E2903-0D9A-46EB-8BCD-9671135D8451}.Debug|Any CPU.Build.0 = Debug|Any CPU
		{974E2903-0D9A-46EB-8BCD-9671135D8451}.Release|Any CPU.ActiveCfg = Release|Any CPU
		{974E2903-0D9A-46EB-8BCD-9671135D8451}.Release|Any CPU.Build.0 = Release|Any CPU
		{B213E64B-799C-46CD-AFEB-C1D586A39379}.Debug|Any CPU.ActiveCfg = Debug|Any CPU
		{B213E64B-799C-46CD-AFEB-C1D586A39379}.Debug|Any CPU.Build.0 = Debug|Any CPU
		{B213E64B-799C-46CD-AFEB-C1D586A39379}.Release|Any CPU.ActiveCfg = Release|Any CPU
		{B213E64B-799C-46CD-AFEB-C1D586A39379}.Release|Any CPU.Build.0 = Release|Any CPU
		{28D6F1E0-D2BC-475A-8D14-C8C15CA5C9C2}.Debug|Any CPU.ActiveCfg = Debug|Any CPU
		{28D6F1E0-D2BC-475A-8D14-C8C15CA5C9C2}.Debug|Any CPU.Build.0 = Debug|Any CPU
		{28D6F1E0-D2BC-475A-8D14-C8C15CA5C9C2}.Release|Any CPU.ActiveCfg = Release|Any CPU
		{28D6F1E0-D2BC-475A-8D14-C8C15CA5C9C2}.Release|Any CPU.Build.0 = Release|Any CPU
		{55DA3AA7-A307-46F7-9EF5-507829626FF1}.Debug|Any CPU.ActiveCfg = Debug|Any CPU
		{55DA3AA7-A307-46F7-9EF5-507829626FF1}.Debug|Any CPU.Build.0 = Debug|Any CPU
		{55DA3AA7-A307-46F7-9EF5-507829626FF1}.Release|Any CPU.ActiveCfg = Release|Any CPU
		{55DA3AA7-A307-46F7-9EF5-507829626FF1}.Release|Any CPU.Build.0 = Release|Any CPU
		{73018A03-7480-4506-851D-9B144A680C62}.Debug|Any CPU.ActiveCfg = Debug|Any CPU
		{73018A03-7480-4506-851D-9B144A680C62}.Debug|Any CPU.Build.0 = Debug|Any CPU
		{73018A03-7480-4506-851D-9B144A680C62}.Release|Any CPU.ActiveCfg = Release|Any CPU
		{73018A03-7480-4506-851D-9B144A680C62}.Release|Any CPU.Build.0 = Release|Any CPU
		{6D66C5CD-45E5-45B3-98CE-9E4F79AB3B5E}.Debug|Any CPU.ActiveCfg = Debug|Any CPU
		{6D66C5CD-45E5-45B3-98CE-9E4F79AB3B5E}.Debug|Any CPU.Build.0 = Debug|Any CPU
		{6D66C5CD-45E5-45B3-98CE-9E4F79AB3B5E}.Release|Any CPU.ActiveCfg = Release|Any CPU
		{6D66C5CD-45E5-45B3-98CE-9E4F79AB3B5E}.Release|Any CPU.Build.0 = Release|Any CPU
		{45C5E150-9AFB-4A99-B386-371B619473FF}.Debug|Any CPU.ActiveCfg = Debug|Any CPU
		{45C5E150-9AFB-4A99-B386-371B619473FF}.Debug|Any CPU.Build.0 = Debug|Any CPU
		{45C5E150-9AFB-4A99-B386-371B619473FF}.Release|Any CPU.ActiveCfg = Release|Any CPU
		{45C5E150-9AFB-4A99-B386-371B619473FF}.Release|Any CPU.Build.0 = Release|Any CPU
	EndGlobalSection
	GlobalSection(SolutionProperties) = preSolution
		HideSolutionNode = FALSE
	EndGlobalSection
	GlobalSection(NestedProjects) = preSolution
		{DD0B8499-B234-4757-88B9-02CA796B5E5C} = {81FC9781-A570-4007-9FB0-4826077AEFE5}
		{6468329D-5A1B-4486-9C71-AF96C2DB9376} = {DD0B8499-B234-4757-88B9-02CA796B5E5C}
		{85299B24-887B-4719-9FD9-C90EAA53AAE3} = {DD0B8499-B234-4757-88B9-02CA796B5E5C}
		{8494841D-F8A9-4151-AAEF-C3CC7B8E0637} = {DD0B8499-B234-4757-88B9-02CA796B5E5C}
		{D0562A65-A469-48E6-ABD1-B0FC847867BB} = {81FC9781-A570-4007-9FB0-4826077AEFE5}
		{15B2DA3A-9045-49AF-B510-2E4119055A1A} = {81FC9781-A570-4007-9FB0-4826077AEFE5}
		{71E4C7B0-7E85-4DD5-A7EE-6614D70DF3F3} = {81FC9781-A570-4007-9FB0-4826077AEFE5}
		{750E827B-664E-4FC1-8ED1-F2179D03649E} = {71E4C7B0-7E85-4DD5-A7EE-6614D70DF3F3}
		{37A83C0F-1B72-4AD0-A0F0-A3E4923B5DEF} = {DD0B8499-B234-4757-88B9-02CA796B5E5C}
		{D95CA97F-D469-4FBA-AB18-EEC67C0AF21B} = {6468329D-5A1B-4486-9C71-AF96C2DB9376}
		{A88E05D9-FDC8-4F74-8CED-C5F22E9B8920} = {81FC9781-A570-4007-9FB0-4826077AEFE5}
		{33F53EB9-6199-4F87-8D0D-ED0DDE9E296B} = {6468329D-5A1B-4486-9C71-AF96C2DB9376}
		{DEF3317E-6A57-4583-B50E-6BEBA7784CB2} = {85299B24-887B-4719-9FD9-C90EAA53AAE3}
		{71686038-0D2C-4C70-A6D3-29D58587E597} = {8494841D-F8A9-4151-AAEF-C3CC7B8E0637}
		{974E2903-0D9A-46EB-8BCD-9671135D8451} = {81FC9781-A570-4007-9FB0-4826077AEFE5}
		{B213E64B-799C-46CD-AFEB-C1D586A39379} = {71E4C7B0-7E85-4DD5-A7EE-6614D70DF3F3}
		{28D6F1E0-D2BC-475A-8D14-C8C15CA5C9C2} = {71E4C7B0-7E85-4DD5-A7EE-6614D70DF3F3}
		{4C958403-B4FE-44CC-851B-B7997E2184D5} = {8494841D-F8A9-4151-AAEF-C3CC7B8E0637}
		{55DA3AA7-A307-46F7-9EF5-507829626FF1} = {4C958403-B4FE-44CC-851B-B7997E2184D5}
		{73018A03-7480-4506-851D-9B144A680C62} = {4C958403-B4FE-44CC-851B-B7997E2184D5}
		{6D66C5CD-45E5-45B3-98CE-9E4F79AB3B5E} = {4C958403-B4FE-44CC-851B-B7997E2184D5}
		{45C5E150-9AFB-4A99-B386-371B619473FF} = {81FC9781-A570-4007-9FB0-4826077AEFE5}
	EndGlobalSection
	GlobalSection(ExtensibilityGlobals) = postSolution
		SolutionGuid = {502E7BAE-C8C6-47C8-B358-E7BC29235885}
	EndGlobalSection
EndGlobal
